
Microsoft Visual Studio Solution File, Format Version 12.00
# Visual Studio Version 16
VisualStudioVersion = 16.0.28803.916
MinimumVisualStudioVersion = 10.0.40219.1
Project("{F184B08F-C81C-45F6-A57F-5ABD9991F28F}") = "thaistudando", "thaistudando\thaistudando.vbproj", "{2784141F-8F5B-4D8D-B0B5-9416676B5416}"
EndProject
Global
	GlobalSection(SolutionConfigurationPlatforms) = preSolution
		Debug|Any CPU = Debug|Any CPU
		Release|Any CPU = Release|Any CPU
	EndGlobalSection
	GlobalSection(ProjectConfigurationPlatforms) = postSolution
		{2784141F-8F5B-4D8D-B0B5-9416676B5416}.Debug|Any CPU.ActiveCfg = Debug|Any CPU
		{2784141F-8F5B-4D8D-B0B5-9416676B5416}.Debug|Any CPU.Build.0 = Debug|Any CPU
		{2784141F-8F5B-4D8D-B0B5-9416676B5416}.Release|Any CPU.ActiveCfg = Release|Any CPU
		{2784141F-8F5B-4D8D-B0B5-9416676B5416}.Release|Any CPU.Build.0 = Release|Any CPU
	EndGlobalSection
	GlobalSection(SolutionProperties) = preSolution
		HideSolutionNode = FALSE
	EndGlobalSection
	GlobalSection(ExtensibilityGlobals) = postSolution
		SolutionGuid = {4F2475C5-3D99-4A54-9B9D-8DF415FA2799}
	EndGlobalSection
EndGlobal
